// !$*UTF8*$!
{
	archiveVersion = 1;
	classes = {
	};
	objectVersion = 50;
	objects = {

/* Begin PBXBuildFile section */
		061297B822508DA30058E37E /* StartViewController.swift in Sources */ = {isa = PBXBuildFile; fileRef = 061297B722508DA30058E37E /* StartViewController.swift */; };
		061297BA2250965F0058E37E /* duck_hunt.wav in Resources */ = {isa = PBXBuildFile; fileRef = 061297B92250965E0058E37E /* duck_hunt.wav */; };
		06164A3D224EF43200D53CBB /* Bullet.swift in Sources */ = {isa = PBXBuildFile; fileRef = 06164A3C224EF43200D53CBB /* Bullet.swift */; };
		06164A41224F291A00D53CBB /* spark.png in Resources */ = {isa = PBXBuildFile; fileRef = 06164A40224F291A00D53CBB /* spark.png */; };
		06164A43224F292000D53CBB /* Explode.scnp in Resources */ = {isa = PBXBuildFile; fileRef = 06164A42224F292000D53CBB /* Explode.scnp */; };
		06217C03224EBD3D00FAFA2C /* AppDelegate.swift in Sources */ = {isa = PBXBuildFile; fileRef = 06217C02224EBD3D00FAFA2C /* AppDelegate.swift */; };
		06217C05224EBD3D00FAFA2C /* art.scnassets in Resources */ = {isa = PBXBuildFile; fileRef = 06217C04224EBD3D00FAFA2C /* art.scnassets */; };
		06217C07224EBD3D00FAFA2C /* ViewController.swift in Sources */ = {isa = PBXBuildFile; fileRef = 06217C06224EBD3D00FAFA2C /* ViewController.swift */; };
		06217C0A224EBD3D00FAFA2C /* Main.storyboard in Resources */ = {isa = PBXBuildFile; fileRef = 06217C08224EBD3D00FAFA2C /* Main.storyboard */; };
		06217C0C224EBD3E00FAFA2C /* Assets.xcassets in Resources */ = {isa = PBXBuildFile; fileRef = 06217C0B224EBD3E00FAFA2C /* Assets.xcassets */; };
		06217C0F224EBD3E00FAFA2C /* LaunchScreen.storyboard in Resources */ = {isa = PBXBuildFile; fileRef = 06217C0D224EBD3E00FAFA2C /* LaunchScreen.storyboard */; };
		06490CC7225066B200FBD2EC /* Title.mp3 in Resources */ = {isa = PBXBuildFile; fileRef = 06490CBC225066B200FBD2EC /* Title.mp3 */; };
		06490CC8225066B200FBD2EC /* Intro.mp3 in Resources */ = {isa = PBXBuildFile; fileRef = 06490CBD225066B200FBD2EC /* Intro.mp3 */; };
		06490CC9225066B200FBD2EC /* Game Over.mp3 in Resources */ = {isa = PBXBuildFile; fileRef = 06490CBE225066B200FBD2EC /* Game Over.mp3 */; };
		06490CCA225066B200FBD2EC /* Duck Quack.mp3 in Resources */ = {isa = PBXBuildFile; fileRef = 06490CBF225066B200FBD2EC /* Duck Quack.mp3 */; };
		06490CCB225066B200FBD2EC /* Dog Bark.mp3 in Resources */ = {isa = PBXBuildFile; fileRef = 06490CC0225066B200FBD2EC /* Dog Bark.mp3 */; };
		06490CCC225066B200FBD2EC /* Bullet.mp3 in Resources */ = {isa = PBXBuildFile; fileRef = 06490CC1225066B200FBD2EC /* Bullet.mp3 */; };
		06490CCD225066B200FBD2EC /* Dead Duck Falls.mp3 in Resources */ = {isa = PBXBuildFile; fileRef = 06490CC2225066B200FBD2EC /* Dead Duck Falls.mp3 */; };
		06490CCE225066B200FBD2EC /* Dog Laughs.mp3 in Resources */ = {isa = PBXBuildFile; fileRef = 06490CC3225066B200FBD2EC /* Dog Laughs.mp3 */; };
		06490CCF225066B200FBD2EC /* HIt.mp3 in Resources */ = {isa = PBXBuildFile; fileRef = 06490CC4225066B200FBD2EC /* HIt.mp3 */; };
		06490CD0225066B200FBD2EC /* Gun Shot.mp3 in Resources */ = {isa = PBXBuildFile; fileRef = 06490CC5225066B200FBD2EC /* Gun Shot.mp3 */; };
		06490CD1225066B200FBD2EC /* Round Clear.mp3 in Resources */ = {isa = PBXBuildFile; fileRef = 06490CC6225066B200FBD2EC /* Round Clear.mp3 */; };
/* End PBXBuildFile section */

/* Begin PBXFileReference section */
		061297B722508DA30058E37E /* StartViewController.swift */ = {isa = PBXFileReference; lastKnownFileType = sourcecode.swift; path = StartViewController.swift; sourceTree = "<group>"; };
		061297B92250965E0058E37E /* duck_hunt.wav */ = {isa = PBXFileReference; lastKnownFileType = audio.wav; name = duck_hunt.wav; path = ../../../../Downloads/duck_hunt.wav; sourceTree = "<group>"; };
		06164A3C224EF43200D53CBB /* Bullet.swift */ = {isa = PBXFileReference; lastKnownFileType = sourcecode.swift; path = Bullet.swift; sourceTree = "<group>"; };
		06164A40224F291A00D53CBB /* spark.png */ = {isa = PBXFileReference; lastKnownFileType = image.png; name = spark.png; path = ../../../../Downloads/spark.png; sourceTree = "<group>"; };
		06164A42224F292000D53CBB /* Explode.scnp */ = {isa = PBXFileReference; lastKnownFileType = file.scp; name = Explode.scnp; path = ../../../../Downloads/Explode.scnp; sourceTree = "<group>"; };
		06217BFF224EBD3D00FAFA2C /* DuckHuntAR.app */ = {isa = PBXFileReference; explicitFileType = wrapper.application; includeInIndex = 0; path = DuckHuntAR.app; sourceTree = BUILT_PRODUCTS_DIR; };
		06217C02224EBD3D00FAFA2C /* AppDelegate.swift */ = {isa = PBXFileReference; lastKnownFileType = sourcecode.swift; path = AppDelegate.swift; sourceTree = "<group>"; };
		06217C04224EBD3D00FAFA2C /* art.scnassets */ = {isa = PBXFileReference; lastKnownFileType = wrapper.scnassets; path = art.scnassets; sourceTree = "<group>"; };
		06217C06224EBD3D00FAFA2C /* ViewController.swift */ = {isa = PBXFileReference; lastKnownFileType = sourcecode.swift; path = ViewController.swift; sourceTree = "<group>"; };
		06217C09224EBD3D00FAFA2C /* Base */ = {isa = PBXFileReference; lastKnownFileType = file.storyboard; name = Base; path = Base.lproj/Main.storyboard; sourceTree = "<group>"; };
		06217C0B224EBD3E00FAFA2C /* Assets.xcassets */ = {isa = PBXFileReference; lastKnownFileType = folder.assetcatalog; path = Assets.xcassets; sourceTree = "<group>"; };
		06217C0E224EBD3E00FAFA2C /* Base */ = {isa = PBXFileReference; lastKnownFileType = file.storyboard; name = Base; path = Base.lproj/LaunchScreen.storyboard; sourceTree = "<group>"; };
		06217C10224EBD3E00FAFA2C /* Info.plist */ = {isa = PBXFileReference; lastKnownFileType = text.plist.xml; path = Info.plist; sourceTree = "<group>"; };
		06490CBC225066B200FBD2EC /* Title.mp3 */ = {isa = PBXFileReference; lastKnownFileType = audio.mp3; name = Title.mp3; path = ../../../../Downloads/DuckHunSoundes/Title.mp3; sourceTree = "<group>"; };
		06490CBD225066B200FBD2EC /* Intro.mp3 */ = {isa = PBXFileReference; lastKnownFileType = audio.mp3; name = Intro.mp3; path = ../../../../Downloads/DuckHunSoundes/Intro.mp3; sourceTree = "<group>"; };
		06490CBE225066B200FBD2EC /* Game Over.mp3 */ = {isa = PBXFileReference; lastKnownFileType = audio.mp3; name = "Game Over.mp3"; path = "../../../../Downloads/DuckHunSoundes/Game Over.mp3"; sourceTree = "<group>"; };
		06490CBF225066B200FBD2EC /* Duck Quack.mp3 */ = {isa = PBXFileReference; lastKnownFileType = audio.mp3; name = "Duck Quack.mp3"; path = "../../../../Downloads/DuckHunSoundes/Duck Quack.mp3"; sourceTree = "<group>"; };
		06490CC0225066B200FBD2EC /* Dog Bark.mp3 */ = {isa = PBXFileReference; lastKnownFileType = audio.mp3; name = "Dog Bark.mp3"; path = "../../../../Downloads/DuckHunSoundes/Dog Bark.mp3"; sourceTree = "<group>"; };
		06490CC1225066B200FBD2EC /* Bullet.mp3 */ = {isa = PBXFileReference; lastKnownFileType = audio.mp3; name = Bullet.mp3; path = ../../../../Downloads/DuckHunSoundes/Bullet.mp3; sourceTree = "<group>"; };
		06490CC2225066B200FBD2EC /* Dead Duck Falls.mp3 */ = {isa = PBXFileReference; lastKnownFileType = audio.mp3; name = "Dead Duck Falls.mp3"; path = "../../../../Downloads/DuckHunSoundes/Dead Duck Falls.mp3"; sourceTree = "<group>"; };
		06490CC3225066B200FBD2EC /* Dog Laughs.mp3 */ = {isa = PBXFileReference; lastKnownFileType = audio.mp3; name = "Dog Laughs.mp3"; path = "../../../../Downloads/DuckHunSoundes/Dog Laughs.mp3"; sourceTree = "<group>"; };
		06490CC4225066B200FBD2EC /* HIt.mp3 */ = {isa = PBXFileReference; lastKnownFileType = audio.mp3; name = HIt.mp3; path = ../../../../Downloads/DuckHunSoundes/HIt.mp3; sourceTree = "<group>"; };
		06490CC5225066B200FBD2EC /* Gun Shot.mp3 */ = {isa = PBXFileReference; lastKnownFileType = audio.mp3; name = "Gun Shot.mp3"; path = "../../../../Downloads/DuckHunSoundes/Gun Shot.mp3"; sourceTree = "<group>"; };
		06490CC6225066B200FBD2EC /* Round Clear.mp3 */ = {isa = PBXFileReference; lastKnownFileType = audio.mp3; name = "Round Clear.mp3"; path = "../../../../Downloads/DuckHunSoundes/Round Clear.mp3"; sourceTree = "<group>"; };
/* End PBXFileReference section */

/* Begin PBXFrameworksBuildPhase section */
		06217BFC224EBD3D00FAFA2C /* Frameworks */ = {
			isa = PBXFrameworksBuildPhase;
			buildActionMask = 2147483647;
			files = (
			);
			runOnlyForDeploymentPostprocessing = 0;
		};
/* End PBXFrameworksBuildPhase section */

/* Begin PBXGroup section */
		06164A3F224F290900D53CBB /* Particles */ = {
			isa = PBXGroup;
			children = (
				06164A42224F292000D53CBB /* Explode.scnp */,
				06164A40224F291A00D53CBB /* spark.png */,
			);
			path = Particles;
			sourceTree = "<group>";
		};
		06217BF6224EBD3D00FAFA2C = {
			isa = PBXGroup;
			children = (
				06217C01224EBD3D00FAFA2C /* DuckHuntAR */,
				06217C00224EBD3D00FAFA2C /* Products */,
			);
			sourceTree = "<group>";
		};
		06217C00224EBD3D00FAFA2C /* Products */ = {
			isa = PBXGroup;
			children = (
				06217BFF224EBD3D00FAFA2C /* DuckHuntAR.app */,
			);
			name = Products;
			sourceTree = "<group>";
		};
		06217C01224EBD3D00FAFA2C /* DuckHuntAR */ = {
			isa = PBXGroup;
			children = (
				06490CBB225064E500FBD2EC /* Sounds */,
				06164A3F224F290900D53CBB /* Particles */,
				06217C02224EBD3D00FAFA2C /* AppDelegate.swift */,
				06217C04224EBD3D00FAFA2C /* art.scnassets */,
				06217C06224EBD3D00FAFA2C /* ViewController.swift */,
				06217C08224EBD3D00FAFA2C /* Main.storyboard */,
				06217C0B224EBD3E00FAFA2C /* Assets.xcassets */,
				06217C0D224EBD3E00FAFA2C /* LaunchScreen.storyboard */,
				06217C10224EBD3E00FAFA2C /* Info.plist */,
				06164A3C224EF43200D53CBB /* Bullet.swift */,
				061297B722508DA30058E37E /* StartViewController.swift */,
			);
			path = DuckHuntAR;
			sourceTree = "<group>";
		};
		06490CBB225064E500FBD2EC /* Sounds */ = {
			isa = PBXGroup;
			children = (
				06490CC1225066B200FBD2EC /* Bullet.mp3 */,
				06490CC2225066B200FBD2EC /* Dead Duck Falls.mp3 */,
				06490CC0225066B200FBD2EC /* Dog Bark.mp3 */,
				06490CC3225066B200FBD2EC /* Dog Laughs.mp3 */,
				06490CBF225066B200FBD2EC /* Duck Quack.mp3 */,
				06490CBE225066B200FBD2EC /* Game Over.mp3 */,
				061297B92250965E0058E37E /* duck_hunt.wav */,
				06490CC5225066B200FBD2EC /* Gun Shot.mp3 */,
				06490CC4225066B200FBD2EC /* HIt.mp3 */,
				06490CBD225066B200FBD2EC /* Intro.mp3 */,
				06490CC6225066B200FBD2EC /* Round Clear.mp3 */,
				06490CBC225066B200FBD2EC /* Title.mp3 */,
			);
			path = Sounds;
			sourceTree = "<group>";
		};
/* End PBXGroup section */

/* Begin PBXNativeTarget section */
		06217BFE224EBD3D00FAFA2C /* DuckHuntAR */ = {
			isa = PBXNativeTarget;
			buildConfigurationList = 06217C13224EBD3E00FAFA2C /* Build configuration list for PBXNativeTarget "DuckHuntAR" */;
			buildPhases = (
				06217BFB224EBD3D00FAFA2C /* Sources */,
				06217BFC224EBD3D00FAFA2C /* Frameworks */,
				06217BFD224EBD3D00FAFA2C /* Resources */,
			);
			buildRules = (
			);
			dependencies = (
			);
			name = DuckHuntAR;
			productName = DuckHuntAR;
			productReference = 06217BFF224EBD3D00FAFA2C /* DuckHuntAR.app */;
			productType = "com.apple.product-type.application";
		};
/* End PBXNativeTarget section */

/* Begin PBXProject section */
		06217BF7224EBD3D00FAFA2C /* Project object */ = {
			isa = PBXProject;
			attributes = {
				LastSwiftUpdateCheck = 1010;
				LastUpgradeCheck = 1010;
				ORGANIZATIONNAME = "Piyush Makwana";
				TargetAttributes = {
					06217BFE224EBD3D00FAFA2C = {
						CreatedOnToolsVersion = 10.1;
					};
				};
			};
			buildConfigurationList = 06217BFA224EBD3D00FAFA2C /* Build configuration list for PBXProject "DuckHuntAR" */;
			compatibilityVersion = "Xcode 9.3";
			developmentRegion = en;
			hasScannedForEncodings = 0;
			knownRegions = (
				en,
				Base,
			);
			mainGroup = 06217BF6224EBD3D00FAFA2C;
			productRefGroup = 06217C00224EBD3D00FAFA2C /* Products */;
			projectDirPath = "";
			projectRoot = "";
			targets = (
				06217BFE224EBD3D00FAFA2C /* DuckHuntAR */,
			);
		};
/* End PBXProject section */

/* Begin PBXResourcesBuildPhase section */
		06217BFD224EBD3D00FAFA2C /* Resources */ = {
			isa = PBXResourcesBuildPhase;
			buildActionMask = 2147483647;
			files = (
				061297BA2250965F0058E37E /* duck_hunt.wav in Resources */,
				06164A41224F291A00D53CBB /* spark.png in Resources */,
				06217C05224EBD3D00FAFA2C /* art.scnassets in Resources */,
				06490CD0225066B200FBD2EC /* Gun Shot.mp3 in Resources */,
				06490CC7225066B200FBD2EC /* Title.mp3 in Resources */,
				06490CC8225066B200FBD2EC /* Intro.mp3 in Resources */,
				06490CCD225066B200FBD2EC /* Dead Duck Falls.mp3 in Resources */,
				06490CCC225066B200FBD2EC /* Bullet.mp3 in Resources */,
				06490CCF225066B200FBD2EC /* HIt.mp3 in Resources */,
				06217C0F224EBD3E00FAFA2C /* LaunchScreen.storyboard in Resources */,
				06217C0C224EBD3E00FAFA2C /* Assets.xcassets in Resources */,
				06490CCE225066B200FBD2EC /* Dog Laughs.mp3 in Resources */,
				06490CCA225066B200FBD2EC /* Duck Quack.mp3 in Resources */,
				06490CC9225066B200FBD2EC /* Game Over.mp3 in Resources */,
				06217C0A224EBD3D00FAFA2C /* Main.storyboard in Resources */,
				06490CCB225066B200FBD2EC /* Dog Bark.mp3 in Resources */,
				06490CD1225066B200FBD2EC /* Round Clear.mp3 in Resources */,
				06164A43224F292000D53CBB /* Explode.scnp in Resources */,
			);
			runOnlyForDeploymentPostprocessing = 0;
		};
/* End PBXResourcesBuildPhase section */

/* Begin PBXSourcesBuildPhase section */
		06217BFB224EBD3D00FAFA2C /* Sources */ = {
			isa = PBXSourcesBuildPhase;
			buildActionMask = 2147483647;
			files = (
				061297B822508DA30058E37E /* StartViewController.swift in Sources */,
				06217C07224EBD3D00FAFA2C /* ViewController.swift in Sources */,
				06217C03224EBD3D00FAFA2C /* AppDelegate.swift in Sources */,
				06164A3D224EF43200D53CBB /* Bullet.swift in Sources */,
			);
			runOnlyForDeploymentPostprocessing = 0;
		};
/* End PBXSourcesBuildPhase section */

/* Begin PBXVariantGroup section */
		06217C08224EBD3D00FAFA2C /* Main.storyboard */ = {
			isa = PBXVariantGroup;
			children = (
				06217C09224EBD3D00FAFA2C /* Base */,
			);
			name = Main.storyboard;
			sourceTree = "<group>";
		};
		06217C0D224EBD3E00FAFA2C /* LaunchScreen.storyboard */ = {
			isa = PBXVariantGroup;
			children = (
				06217C0E224EBD3E00FAFA2C /* Base */,
			);
			name = LaunchScreen.storyboard;
			sourceTree = "<group>";
		};
/* End PBXVariantGroup section */

/* Begin XCBuildConfiguration section */
		06217C11224EBD3E00FAFA2C /* Debug */ = {
			isa = XCBuildConfiguration;
			buildSettings = {
				ALWAYS_SEARCH_USER_PATHS = NO;
				CLANG_ANALYZER_NONNULL = YES;
				CLANG_ANALYZER_NUMBER_OBJECT_CONVERSION = YES_AGGRESSIVE;
				CLANG_CXX_LANGUAGE_STANDARD = "gnu++14";
				CLANG_CXX_LIBRARY = "libc++";
				CLANG_ENABLE_MODULES = YES;
				CLANG_ENABLE_OBJC_ARC = YES;
				CLANG_ENABLE_OBJC_WEAK = YES;
				CLANG_WARN_BLOCK_CAPTURE_AUTORELEASING = YES;
				CLANG_WARN_BOOL_CONVERSION = YES;
				CLANG_WARN_COMMA = YES;
				CLANG_WARN_CONSTANT_CONVERSION = YES;
				CLANG_WARN_DEPRECATED_OBJC_IMPLEMENTATIONS = YES;
				CLANG_WARN_DIRECT_OBJC_ISA_USAGE = YES_ERROR;
				CLANG_WARN_DOCUMENTATION_COMMENTS = YES;
				CLANG_WARN_EMPTY_BODY = YES;
				CLANG_WARN_ENUM_CONVERSION = YES;
				CLANG_WARN_INFINITE_RECURSION = YES;
				CLANG_WARN_INT_CONVERSION = YES;
				CLANG_WARN_NON_LITERAL_NULL_CONVERSION = YES;
				CLANG_WARN_OBJC_IMPLICIT_RETAIN_SELF = YES;
				CLANG_WARN_OBJC_LITERAL_CONVERSION = YES;
				CLANG_WARN_OBJC_ROOT_CLASS = YES_ERROR;
				CLANG_WARN_RANGE_LOOP_ANALYSIS = YES;
				CLANG_WARN_STRICT_PROTOTYPES = YES;
				CLANG_WARN_SUSPICIOUS_MOVE = YES;
				CLANG_WARN_UNGUARDED_AVAILABILITY = YES_AGGRESSIVE;
				CLANG_WARN_UNREACHABLE_CODE = YES;
				CLANG_WARN__DUPLICATE_METHOD_MATCH = YES;
				CODE_SIGN_IDENTITY = "iPhone Developer";
				COPY_PHASE_STRIP = NO;
				DEBUG_INFORMATION_FORMAT = dwarf;
				ENABLE_STRICT_OBJC_MSGSEND = YES;
				ENABLE_TESTABILITY = YES;
				GCC_C_LANGUAGE_STANDARD = gnu11;
				GCC_DYNAMIC_NO_PIC = NO;
				GCC_NO_COMMON_BLOCKS = YES;
				GCC_OPTIMIZATION_LEVEL = 0;
				GCC_PREPROCESSOR_DEFINITIONS = (
					"DEBUG=1",
					"$(inherited)",
				);
				GCC_WARN_64_TO_32_BIT_CONVERSION = YES;
				GCC_WARN_ABOUT_RETURN_TYPE = YES_ERROR;
				GCC_WARN_UNDECLARED_SELECTOR = YES;
				GCC_WARN_UNINITIALIZED_AUTOS = YES_AGGRESSIVE;
				GCC_WARN_UNUSED_FUNCTION = YES;
				GCC_WARN_UNUSED_VARIABLE = YES;
				IPHONEOS_DEPLOYMENT_TARGET = 12.1;
				MTL_ENABLE_DEBUG_INFO = INCLUDE_SOURCE;
				MTL_FAST_MATH = YES;
				ONLY_ACTIVE_ARCH = YES;
				SDKROOT = iphoneos;
				SWIFT_ACTIVE_COMPILATION_CONDITIONS = DEBUG;
				SWIFT_OPTIMIZATION_LEVEL = "-Onone";
			};
			name = Debug;
		};
		06217C12224EBD3E00FAFA2C /* Release */ = {
			isa = XCBuildConfiguration;
			buildSettings = {
				ALWAYS_SEARCH_USER_PATHS = NO;
				CLANG_ANALYZER_NONNULL = YES;
				CLANG_ANALYZER_NUMBER_OBJECT_CONVERSION = YES_AGGRESSIVE;
				CLANG_CXX_LANGUAGE_STANDARD = "gnu++14";
				CLANG_CXX_LIBRARY = "libc++";
				CLANG_ENABLE_MODULES = YES;
				CLANG_ENABLE_OBJC_ARC = YES;
				CLANG_ENABLE_OBJC_WEAK = YES;
				CLANG_WARN_BLOCK_CAPTURE_AUTORELEASING = YES;
				CLANG_WARN_BOOL_CONVERSION = YES;
				CLANG_WARN_COMMA = YES;
				CLANG_WARN_CONSTANT_CONVERSION = YES;
				CLANG_WARN_DEPRECATED_OBJC_IMPLEMENTATIONS = YES;
				CLANG_WARN_DIRECT_OBJC_ISA_USAGE = YES_ERROR;
				CLANG_WARN_DOCUMENTATION_COMMENTS = YES;
				CLANG_WARN_EMPTY_BODY = YES;
				CLANG_WARN_ENUM_CONVERSION = YES;
				CLANG_WARN_INFINITE_RECURSION = YES;
				CLANG_WARN_INT_CONVERSION = YES;
				CLANG_WARN_NON_LITERAL_NULL_CONVERSION = YES;
				CLANG_WARN_OBJC_IMPLICIT_RETAIN_SELF = YES;
				CLANG_WARN_OBJC_LITERAL_CONVERSION = YES;
				CLANG_WARN_OBJC_ROOT_CLASS = YES_ERROR;
				CLANG_WARN_RANGE_LOOP_ANALYSIS = YES;
				CLANG_WARN_STRICT_PROTOTYPES = YES;
				CLANG_WARN_SUSPICIOUS_MOVE = YES;
				CLANG_WARN_UNGUARDED_AVAILABILITY = YES_AGGRESSIVE;
				CLANG_WARN_UNREACHABLE_CODE = YES;
				CLANG_WARN__DUPLICATE_METHOD_MATCH = YES;
				CODE_SIGN_IDENTITY = "iPhone Developer";
				COPY_PHASE_STRIP = NO;
				DEBUG_INFORMATION_FORMAT = "dwarf-with-dsym";
				ENABLE_NS_ASSERTIONS = NO;
				ENABLE_STRICT_OBJC_MSGSEND = YES;
				GCC_C_LANGUAGE_STANDARD = gnu11;
				GCC_NO_COMMON_BLOCKS = YES;
				GCC_WARN_64_TO_32_BIT_CONVERSION = YES;
				GCC_WARN_ABOUT_RETURN_TYPE = YES_ERROR;
				GCC_WARN_UNDECLARED_SELECTOR = YES;
				GCC_WARN_UNINITIALIZED_AUTOS = YES_AGGRESSIVE;
				GCC_WARN_UNUSED_FUNCTION = YES;
				GCC_WARN_UNUSED_VARIABLE = YES;
				IPHONEOS_DEPLOYMENT_TARGET = 12.1;
				MTL_ENABLE_DEBUG_INFO = NO;
				MTL_FAST_MATH = YES;
				SDKROOT = iphoneos;
				SWIFT_COMPILATION_MODE = wholemodule;
				SWIFT_OPTIMIZATION_LEVEL = "-O";
				VALIDATE_PRODUCT = YES;
			};
			name = Release;
		};
		06217C14224EBD3E00FAFA2C /* Debug */ = {
			isa = XCBuildConfiguration;
			buildSettings = {
				ASSETCATALOG_COMPILER_APPICON_NAME = AppIcon;
				CODE_SIGN_STYLE = Automatic;
				DEVELOPMENT_TEAM = 5X8B2DL74F;
				INFOPLIST_FILE = DuckHuntAR/Info.plist;
				LD_RUNPATH_SEARCH_PATHS = (
					"$(inherited)",
					"@executable_path/Frameworks",
				);
				PRODUCT_BUNDLE_IDENTIFIER = piyushmakwana.com.DuckHuntAR;
				PRODUCT_NAME = "$(TARGET_NAME)";
				SWIFT_VERSION = 4.2;
				TARGETED_DEVICE_FAMILY = "1,2";
			};
			name = Debug;
		};
		06217C15224EBD3E00FAFA2C /* Release */ = {
			isa = XCBuildConfiguration;
			buildSettings = {
				ASSETCATALOG_COMPILER_APPICON_NAME = AppIcon;
				CODE_SIGN_STYLE = Automatic;
				DEVELOPMENT_TEAM = 5X8B2DL74F;
				INFOPLIST_FILE = DuckHuntAR/Info.plist;
				LD_RUNPATH_SEARCH_PATHS = (
					"$(inherited)",
					"@executable_path/Frameworks",
				);
				PRODUCT_BUNDLE_IDENTIFIER = piyushmakwana.com.DuckHuntAR;
				PRODUCT_NAME = "$(TARGET_NAME)";
				SWIFT_VERSION = 4.2;
				TARGETED_DEVICE_FAMILY = "1,2";
			};
			name = Release;
		};
/* End XCBuildConfiguration section */

/* Begin XCConfigurationList section */
		06217BFA224EBD3D00FAFA2C /* Build configuration list for PBXProject "DuckHuntAR" */ = {
			isa = XCConfigurationList;
			buildConfigurations = (
				06217C11224EBD3E00FAFA2C /* Debug */,
				06217C12224EBD3E00FAFA2C /* Release */,
			);
			defaultConfigurationIsVisible = 0;
			defaultConfigurationName = Release;
		};
		06217C13224EBD3E00FAFA2C /* Build configuration list for PBXNativeTarget "DuckHuntAR" */ = {
			isa = XCConfigurationList;
			buildConfigurations = (
				06217C14224EBD3E00FAFA2C /* Debug */,
				06217C15224EBD3E00FAFA2C /* Release */,
			);
			defaultConfigurationIsVisible = 0;
			defaultConfigurationName = Release;
		};
/* End XCConfigurationList section */
	};
	rootObject = 06217BF7224EBD3D00FAFA2C /* Project object */;
}
